
Microsoft Visual Studio Solution File, Format Version 12.00
# Visual Studio Version 17
VisualStudioVersion = 17.2.32526.322
MinimumVisualStudioVersion = 10.0.40219.1
Project("{FAE04EC0-301F-11D3-BF4B-00C04F79EFBC}") = "NationalParkAPI", "NationalParkAPI\NationalParkAPI.csproj", "{5EFA2A86-C040-48DC-980D-1589A810A0D7}"
EndProject
Global
	GlobalSection(SolutionConfigurationPlatforms) = preSolution
		Debug|Any CPU = Debug|Any CPU
		Release|Any CPU = Release|Any CPU
	EndGlobalSection
	GlobalSection(ProjectConfigurationPlatforms) = postSolution
		{5EFA2A86-C040-48DC-980D-1589A810A0D7}.Debug|Any CPU.ActiveCfg = Debug|Any CPU
		{5EFA2A86-C040-48DC-980D-1589A810A0D7}.Debug|Any CPU.Build.0 = Debug|Any CPU
		{5EFA2A86-C040-48DC-980D-1589A810A0D7}.Release|Any CPU.ActiveCfg = Release|Any CPU
		{5EFA2A86-C040-48DC-980D-1589A810A0D7}.Release|Any CPU.Build.0 = Release|Any CPU
	EndGlobalSection
	GlobalSection(SolutionProperties) = preSolution
		HideSolutionNode = FALSE
	EndGlobalSection
	GlobalSection(ExtensibilityGlobals) = postSolution
		SolutionGuid = {E50044A8-AA7C-425B-8C3B-5D794B61B446}
	EndGlobalSection
EndGlobal
